
Microsoft Visual Studio Solution File, Format Version 12.00
# Visual Studio Version 16
VisualStudioVersion = 16.0.30804.86
MinimumVisualStudioVersion = 10.0.40219.1
Project("{FAE04EC0-301F-11D3-BF4B-00C04F79EFBC}") = "Benchmarks", "Benchmarks\Benchmarks.csproj", "{B8DA78E3-70BA-4FCC-96A5-BF0B25EB255E}"
EndProject
Global
	GlobalSection(SolutionConfigurationPlatforms) = preSolution
		Debug|Any CPU = Debug|Any CPU
		Release|Any CPU = Release|Any CPU
	EndGlobalSection
	GlobalSection(ProjectConfigurationPlatforms) = postSolution
		{B8DA78E3-70BA-4FCC-96A5-BF0B25EB255E}.Debug|Any CPU.ActiveCfg = Debug|Any CPU
		{B8DA78E3-70BA-4FCC-96A5-BF0B25EB255E}.Debug|Any CPU.Build.0 = Debug|Any CPU
		{B8DA78E3-70BA-4FCC-96A5-BF0B25EB255E}.Release|Any CPU.ActiveCfg = Release|Any CPU
		{B8DA78E3-70BA-4FCC-96A5-BF0B25EB255E}.Release|Any CPU.Build.0 = Release|Any CPU
	EndGlobalSection
	GlobalSection(SolutionProperties) = preSolution
		HideSolutionNode = FALSE
	EndGlobalSection
	GlobalSection(ExtensibilityGlobals) = postSolution
		SolutionGuid = {38207C9B-1F7C-408D-A60F-80F7CC435E06}
	EndGlobalSection
EndGlobal
